
Microsoft Visual Studio Solution File, Format Version 12.00
# Visual Studio Version 17
VisualStudioVersion = 17.5.33424.131
MinimumVisualStudioVersion = 10.0.40219.1
Project("{FAE04EC0-301F-11D3-BF4B-00C04F79EFBC}") = "Drusus", "Drusus\Drusus.csproj", "{49C37103-4990-4D7C-8C0A-4436739490D7}"
EndProject
Project("{FAE04EC0-301F-11D3-BF4B-00C04F79EFBC}") = "Datos", "Datos\Datos.csproj", "{A4FA937F-B112-4899-8FE8-F7E46B835DDF}"
EndProject
Project("{FAE04EC0-301F-11D3-BF4B-00C04F79EFBC}") = "DrususV2", "DrususV2\DrususV2.csproj", "{47768101-6120-4615-85FA-D3DBDA6EAF65}"
EndProject
Project("{FAE04EC0-301F-11D3-BF4B-00C04F79EFBC}") = "DrususV2.Datos", "DrususV2.Datos\DrususV2.Datos.csproj", "{710C058A-3B6A-44CA-8FBD-BD6B4B7EBCCD}"
EndProject
Project("{FAE04EC0-301F-11D3-BF4B-00C04F79EFBC}") = "DrususV2.Logica", "DrususV2.Logica\DrususV2.Logica.csproj", "{6F666EBD-EAB1-4398-9996-DEC2D71D678B}"
EndProject
Project("{FAE04EC0-301F-11D3-BF4B-00C04F79EFBC}") = "DrususV2.Instalador", "DrususV2.Instalador\DrususV2.Instalador.csproj", "{D129E985-00AB-412F-89A2-DFA83B7CD7F9}"
EndProject
Global
	GlobalSection(SolutionConfigurationPlatforms) = preSolution
		Debug|Any CPU = Debug|Any CPU
		Debug|x64 = Debug|x64
		Debug|x86 = Debug|x86
		Release|Any CPU = Release|Any CPU
		Release|x64 = Release|x64
		Release|x86 = Release|x86
	EndGlobalSection
	GlobalSection(ProjectConfigurationPlatforms) = postSolution
		{49C37103-4990-4D7C-8C0A-4436739490D7}.Debug|Any CPU.ActiveCfg = Debug|Any CPU
		{49C37103-4990-4D7C-8C0A-4436739490D7}.Debug|Any CPU.Build.0 = Debug|Any CPU
		{49C37103-4990-4D7C-8C0A-4436739490D7}.Debug|x64.ActiveCfg = Debug|Any CPU
		{49C37103-4990-4D7C-8C0A-4436739490D7}.Debug|x64.Build.0 = Debug|Any CPU
		{49C37103-4990-4D7C-8C0A-4436739490D7}.Debug|x86.ActiveCfg = Debug|Any CPU
		{49C37103-4990-4D7C-8C0A-4436739490D7}.Debug|x86.Build.0 = Debug|Any CPU
		{49C37103-4990-4D7C-8C0A-4436739490D7}.Release|Any CPU.ActiveCfg = Release|Any CPU
		{49C37103-4990-4D7C-8C0A-4436739490D7}.Release|Any CPU.Build.0 = Release|Any CPU
		{49C37103-4990-4D7C-8C0A-4436739490D7}.Release|x64.ActiveCfg = Release|Any CPU
		{49C37103-4990-4D7C-8C0A-4436739490D7}.Release|x64.Build.0 = Release|Any CPU
		{49C37103-4990-4D7C-8C0A-4436739490D7}.Release|x86.ActiveCfg = Release|Any CPU
		{49C37103-4990-4D7C-8C0A-4436739490D7}.Release|x86.Build.0 = Release|Any CPU
		{A4FA937F-B112-4899-8FE8-F7E46B835DDF}.Debug|Any CPU.ActiveCfg = Debug|Any CPU
		{A4FA937F-B112-4899-8FE8-F7E46B835DDF}.Debug|Any CPU.Build.0 = Debug|Any CPU
		{A4FA937F-B112-4899-8FE8-F7E46B835DDF}.Debug|x64.ActiveCfg = Debug|Any CPU
		{A4FA937F-B112-4899-8FE8-F7E46B835DDF}.Debug|x64.Build.0 = Debug|Any CPU
		{A4FA937F-B112-4899-8FE8-F7E46B835DDF}.Debug|x86.ActiveCfg = Debug|Any CPU
		{A4FA937F-B112-4899-8FE8-F7E46B835DDF}.Debug|x86.Build.0 = Debug|Any CPU
		{A4FA937F-B112-4899-8FE8-F7E46B835DDF}.Release|Any CPU.ActiveCfg = Release|Any CPU
		{A4FA937F-B112-4899-8FE8-F7E46B835DDF}.Release|Any CPU.Build.0 = Release|Any CPU
		{A4FA937F-B112-4899-8FE8-F7E46B835DDF}.Release|x64.ActiveCfg = Release|Any CPU
		{A4FA937F-B112-4899-8FE8-F7E46B835DDF}.Release|x64.Build.0 = Release|Any CPU
		{A4FA937F-B112-4899-8FE8-F7E46B835DDF}.Release|x86.ActiveCfg = Release|Any CPU
		{A4FA937F-B112-4899-8FE8-F7E46B835DDF}.Release|x86.Build.0 = Release|Any CPU
		{47768101-6120-4615-85FA-D3DBDA6EAF65}.Debug|Any CPU.ActiveCfg = Debug|Any CPU
		{47768101-6120-4615-85FA-D3DBDA6EAF65}.Debug|Any CPU.Build.0 = Debug|Any CPU
		{47768101-6120-4615-85FA-D3DBDA6EAF65}.Debug|x64.ActiveCfg = Debug|Any CPU
		{47768101-6120-4615-85FA-D3DBDA6EAF65}.Debug|x64.Build.0 = Debug|Any CPU
		{47768101-6120-4615-85FA-D3DBDA6EAF65}.Debug|x86.ActiveCfg = Debug|Any CPU
		{47768101-6120-4615-85FA-D3DBDA6EAF65}.Debug|x86.Build.0 = Debug|Any CPU
		{47768101-6120-4615-85FA-D3DBDA6EAF65}.Release|Any CPU.ActiveCfg = Release|Any CPU
		{47768101-6120-4615-85FA-D3DBDA6EAF65}.Release|Any CPU.Build.0 = Release|Any CPU
		{47768101-6120-4615-85FA-D3DBDA6EAF65}.Release|x64.ActiveCfg = Release|Any CPU
		{47768101-6120-4615-85FA-D3DBDA6EAF65}.Release|x64.Build.0 = Release|Any CPU
		{47768101-6120-4615-85FA-D3DBDA6EAF65}.Release|x86.ActiveCfg = Release|Any CPU
		{47768101-6120-4615-85FA-D3DBDA6EAF65}.Release|x86.Build.0 = Release|Any CPU
		{710C058A-3B6A-44CA-8FBD-BD6B4B7EBCCD}.Debug|Any CPU.ActiveCfg = Debug|Any CPU
		{710C058A-3B6A-44CA-8FBD-BD6B4B7EBCCD}.Debug|Any CPU.Build.0 = Debug|Any CPU
		{710C058A-3B6A-44CA-8FBD-BD6B4B7EBCCD}.Debug|x64.ActiveCfg = Debug|Any CPU
		{710C058A-3B6A-44CA-8FBD-BD6B4B7EBCCD}.Debug|x64.Build.0 = Debug|Any CPU
		{710C058A-3B6A-44CA-8FBD-BD6B4B7EBCCD}.Debug|x86.ActiveCfg = Debug|Any CPU
		{710C058A-3B6A-44CA-8FBD-BD6B4B7EBCCD}.Debug|x86.Build.0 = Debug|Any CPU
		{710C058A-3B6A-44CA-8FBD-BD6B4B7EBCCD}.Release|Any CPU.ActiveCfg = Release|Any CPU
		{710C058A-3B6A-44CA-8FBD-BD6B4B7EBCCD}.Release|Any CPU.Build.0 = Release|Any CPU
		{710C058A-3B6A-44CA-8FBD-BD6B4B7EBCCD}.Release|x64.ActiveCfg = Release|Any CPU
		{710C058A-3B6A-44CA-8FBD-BD6B4B7EBCCD}.Release|x64.Build.0 = Release|Any CPU
		{710C058A-3B6A-44CA-8FBD-BD6B4B7EBCCD}.Release|x86.ActiveCfg = Release|Any CPU
		{710C058A-3B6A-44CA-8FBD-BD6B4B7EBCCD}.Release|x86.Build.0 = Release|Any CPU
		{6F666EBD-EAB1-4398-9996-DEC2D71D678B}.Debug|Any CPU.ActiveCfg = Debug|Any CPU
		{6F666EBD-EAB1-4398-9996-DEC2D71D678B}.Debug|Any CPU.Build.0 = Debug|Any CPU
		{6F666EBD-EAB1-4398-9996-DEC2D71D678B}.Debug|x64.ActiveCfg = Debug|Any CPU
		{6F666EBD-EAB1-4398-9996-DEC2D71D678B}.Debug|x64.Build.0 = Debug|Any CPU
		{6F666EBD-EAB1-4398-9996-DEC2D71D678B}.Debug|x86.ActiveCfg = Debug|Any CPU
		{6F666EBD-EAB1-4398-9996-DEC2D71D678B}.Debug|x86.Build.0 = Debug|Any CPU
		{6F666EBD-EAB1-4398-9996-DEC2D71D678B}.Release|Any CPU.ActiveCfg = Release|Any CPU
		{6F666EBD-EAB1-4398-9996-DEC2D71D678B}.Release|Any CPU.Build.0 = Release|Any CPU
		{6F666EBD-EAB1-4398-9996-DEC2D71D678B}.Release|x64.ActiveCfg = Release|Any CPU
		{6F666EBD-EAB1-4398-9996-DEC2D71D678B}.Release|x64.Build.0 = Release|Any CPU
		{6F666EBD-EAB1-4398-9996-DEC2D71D678B}.Release|x86.ActiveCfg = Release|Any CPU
		{6F666EBD-EAB1-4398-9996-DEC2D71D678B}.Release|x86.Build.0 = Release|Any CPU
		{D129E985-00AB-412F-89A2-DFA83B7CD7F9}.Debug|Any CPU.ActiveCfg = Debug|Any CPU
		{D129E985-00AB-412F-89A2-DFA83B7CD7F9}.Debug|Any CPU.Build.0 = Debug|Any CPU
		{D129E985-00AB-412F-89A2-DFA83B7CD7F9}.Debug|x64.ActiveCfg = Debug|Any CPU
		{D129E985-00AB-412F-89A2-DFA83B7CD7F9}.Debug|x64.Build.0 = Debug|Any CPU
		{D129E985-00AB-412F-89A2-DFA83B7CD7F9}.Debug|x86.ActiveCfg = Debug|Any CPU
		{D129E985-00AB-412F-89A2-DFA83B7CD7F9}.Debug|x86.Build.0 = Debug|Any CPU
		{D129E985-00AB-412F-89A2-DFA83B7CD7F9}.Release|Any CPU.ActiveCfg = Release|Any CPU
		{D129E985-00AB-412F-89A2-DFA83B7CD7F9}.Release|Any CPU.Build.0 = Release|Any CPU
		{D129E985-00AB-412F-89A2-DFA83B7CD7F9}.Release|x64.ActiveCfg = Release|Any CPU
		{D129E985-00AB-412F-89A2-DFA83B7CD7F9}.Release|x64.Build.0 = Release|Any CPU
		{D129E985-00AB-412F-89A2-DFA83B7CD7F9}.Release|x86.ActiveCfg = Release|Any CPU
		{D129E985-00AB-412F-89A2-DFA83B7CD7F9}.Release|x86.Build.0 = Release|Any CPU
	EndGlobalSection
	GlobalSection(SolutionProperties) = preSolution
		HideSolutionNode = FALSE
	EndGlobalSection
	GlobalSection(ExtensibilityGlobals) = postSolution
		SolutionGuid = {FFD0EA32-81E1-467D-87B6-95F9BB3273FF}
	EndGlobalSection
EndGlobal
